// !$*UTF8*$!
{
	archiveVersion = 1;
	classes = {
	};
	objectVersion = 55;
	objects = {

/* Begin PBXBuildFile section */
		9E2AFD9828852CDC00578109 /* setting - case2.storyboard in Resources */ = {isa = PBXBuildFile; fileRef = 9E2AFD9728852CDC00578109 /* setting - case2.storyboard */; };
		9E2AFD9A28852CF700578109 /* Setting2TableViewController.swift in Sources */ = {isa = PBXBuildFile; fileRef = 9E2AFD9928852CF700578109 /* Setting2TableViewController.swift */; };
		9E82D21A2884DDC8002A5011 /* AppDelegate.swift in Sources */ = {isa = PBXBuildFile; fileRef = 9E82D2192884DDC8002A5011 /* AppDelegate.swift */; };
		9E82D21C2884DDC8002A5011 /* SceneDelegate.swift in Sources */ = {isa = PBXBuildFile; fileRef = 9E82D21B2884DDC8002A5011 /* SceneDelegate.swift */; };
		9E82D21E2884DDC8002A5011 /* ViewController.swift in Sources */ = {isa = PBXBuildFile; fileRef = 9E82D21D2884DDC8002A5011 /* ViewController.swift */; };
		9E82D2212884DDC8002A5011 /* Main.storyboard in Resources */ = {isa = PBXBuildFile; fileRef = 9E82D21F2884DDC8002A5011 /* Main.storyboard */; };
		9E82D2232884DDCA002A5011 /* Assets.xcassets in Resources */ = {isa = PBXBuildFile; fileRef = 9E82D2222884DDCA002A5011 /* Assets.xcassets */; };
		9E82D2262884DDCA002A5011 /* LaunchScreen.storyboard in Resources */ = {isa = PBXBuildFile; fileRef = 9E82D2242884DDCA002A5011 /* LaunchScreen.storyboard */; };
		9E82D22E2884F10A002A5011 /* Home.storyboard in Resources */ = {isa = PBXBuildFile; fileRef = 9E82D22D2884F10A002A5011 /* Home.storyboard */; };
		9E82D2302884FE3A002A5011 /* SettingTableViewController.swift in Sources */ = {isa = PBXBuildFile; fileRef = 9E82D22F2884FE3A002A5011 /* SettingTableViewController.swift */; };
		9E82D2322885131C002A5011 /* setting - case1.storyboard in Resources */ = {isa = PBXBuildFile; fileRef = 9E82D2312885131C002A5011 /* setting - case1.storyboard */; };
		9EFFB92C2886400F00778319 /* Search.storyboard in Resources */ = {isa = PBXBuildFile; fileRef = 9EFFB92B2886400F00778319 /* Search.storyboard */; };
		9EFFB92E2886404700778319 /* Trend - case2.storyboard in Resources */ = {isa = PBXBuildFile; fileRef = 9EFFB92D2886404700778319 /* Trend - case2.storyboard */; };
		9EFFB9302886407900778319 /* Intro - case2.storyboard in Resources */ = {isa = PBXBuildFile; fileRef = 9EFFB92F2886407900778319 /* Intro - case2.storyboard */; };
		9EFFB932288643FA00778319 /* TrendViewController.swift in Sources */ = {isa = PBXBuildFile; fileRef = 9EFFB931288643FA00778319 /* TrendViewController.swift */; };
		9EFFB9342886441600778319 /* SearchViewController.swift in Sources */ = {isa = PBXBuildFile; fileRef = 9EFFB9332886441600778319 /* SearchViewController.swift */; };
		9EFFB9362886453100778319 /* UIViewController+Extension.swift in Sources */ = {isa = PBXBuildFile; fileRef = 9EFFB9352886453100778319 /* UIViewController+Extension.swift */; };
		9EFFB9382886478800778319 /* UITextField+Extension.swift in Sources */ = {isa = PBXBuildFile; fileRef = 9EFFB9372886478800778319 /* UITextField+Extension.swift */; };
		9EFFB93A28864B9500778319 /* BucketlistTableViewController.swift in Sources */ = {isa = PBXBuildFile; fileRef = 9EFFB93928864B9500778319 /* BucketlistTableViewController.swift */; };
		9EFFB93C28864D9800778319 /* BuketlistTableViewCell.swift in Sources */ = {isa = PBXBuildFile; fileRef = 9EFFB93B28864D9800778319 /* BuketlistTableViewCell.swift */; };
/* End PBXBuildFile section */

/* Begin PBXFileReference section */
		9E2AFD9728852CDC00578109 /* setting - case2.storyboard */ = {isa = PBXFileReference; lastKnownFileType = file.storyboard; path = "setting - case2.storyboard"; sourceTree = "<group>"; };
		9E2AFD9928852CF700578109 /* Setting2TableViewController.swift */ = {isa = PBXFileReference; lastKnownFileType = sourcecode.swift; path = Setting2TableViewController.swift; sourceTree = "<group>"; };
		9E82D2162884DDC8002A5011 /* TrendMedia.app */ = {isa = PBXFileReference; explicitFileType = wrapper.application; includeInIndex = 0; path = TrendMedia.app; sourceTree = BUILT_PRODUCTS_DIR; };
		9E82D2192884DDC8002A5011 /* AppDelegate.swift */ = {isa = PBXFileReference; lastKnownFileType = sourcecode.swift; path = AppDelegate.swift; sourceTree = "<group>"; };
		9E82D21B2884DDC8002A5011 /* SceneDelegate.swift */ = {isa = PBXFileReference; lastKnownFileType = sourcecode.swift; path = SceneDelegate.swift; sourceTree = "<group>"; };
		9E82D21D2884DDC8002A5011 /* ViewController.swift */ = {isa = PBXFileReference; lastKnownFileType = sourcecode.swift; path = ViewController.swift; sourceTree = "<group>"; };
		9E82D2202884DDC8002A5011 /* Base */ = {isa = PBXFileReference; lastKnownFileType = file.storyboard; name = Base; path = Base.lproj/Main.storyboard; sourceTree = "<group>"; };
		9E82D2222884DDCA002A5011 /* Assets.xcassets */ = {isa = PBXFileReference; lastKnownFileType = folder.assetcatalog; path = Assets.xcassets; sourceTree = "<group>"; };
		9E82D2252884DDCA002A5011 /* Base */ = {isa = PBXFileReference; lastKnownFileType = file.storyboard; name = Base; path = Base.lproj/LaunchScreen.storyboard; sourceTree = "<group>"; };
		9E82D2272884DDCA002A5011 /* Info.plist */ = {isa = PBXFileReference; lastKnownFileType = text.plist.xml; path = Info.plist; sourceTree = "<group>"; };
		9E82D22D2884F10A002A5011 /* Home.storyboard */ = {isa = PBXFileReference; lastKnownFileType = file.storyboard; path = Home.storyboard; sourceTree = "<group>"; };
		9E82D22F2884FE3A002A5011 /* SettingTableViewController.swift */ = {isa = PBXFileReference; lastKnownFileType = sourcecode.swift; path = SettingTableViewController.swift; sourceTree = "<group>"; };
		9E82D2312885131C002A5011 /* setting - case1.storyboard */ = {isa = PBXFileReference; lastKnownFileType = file.storyboard; path = "setting - case1.storyboard"; sourceTree = "<group>"; };
		9EFFB92B2886400F00778319 /* Search.storyboard */ = {isa = PBXFileReference; lastKnownFileType = file.storyboard; path = Search.storyboard; sourceTree = "<group>"; };
		9EFFB92D2886404700778319 /* Trend - case2.storyboard */ = {isa = PBXFileReference; lastKnownFileType = file.storyboard; path = "Trend - case2.storyboard"; sourceTree = "<group>"; };
		9EFFB92F2886407900778319 /* Intro - case2.storyboard */ = {isa = PBXFileReference; lastKnownFileType = file.storyboard; path = "Intro - case2.storyboard"; sourceTree = "<group>"; };
		9EFFB931288643FA00778319 /* TrendViewController.swift */ = {isa = PBXFileReference; lastKnownFileType = sourcecode.swift; path = TrendViewController.swift; sourceTree = "<group>"; };
		9EFFB9332886441600778319 /* SearchViewController.swift */ = {isa = PBXFileReference; lastKnownFileType = sourcecode.swift; path = SearchViewController.swift; sourceTree = "<group>"; };
		9EFFB9352886453100778319 /* UIViewController+Extension.swift */ = {isa = PBXFileReference; lastKnownFileType = sourcecode.swift; path = "UIViewController+Extension.swift"; sourceTree = "<group>"; };
		9EFFB9372886478800778319 /* UITextField+Extension.swift */ = {isa = PBXFileReference; lastKnownFileType = sourcecode.swift; path = "UITextField+Extension.swift"; sourceTree = "<group>"; };
		9EFFB93928864B9500778319 /* BucketlistTableViewController.swift */ = {isa = PBXFileReference; lastKnownFileType = sourcecode.swift; path = BucketlistTableViewController.swift; sourceTree = "<group>"; };
		9EFFB93B28864D9800778319 /* BuketlistTableViewCell.swift */ = {isa = PBXFileReference; lastKnownFileType = sourcecode.swift; path = BuketlistTableViewCell.swift; sourceTree = "<group>"; };
/* End PBXFileReference section */

/* Begin PBXFrameworksBuildPhase section */
		9E82D2132884DDC8002A5011 /* Frameworks */ = {
			isa = PBXFrameworksBuildPhase;
			buildActionMask = 2147483647;
			files = (
			);
			runOnlyForDeploymentPostprocessing = 0;
		};
/* End PBXFrameworksBuildPhase section */

/* Begin PBXGroup section */
		9E82D20D2884DDC8002A5011 = {
			isa = PBXGroup;
			children = (
				9E82D2182884DDC8002A5011 /* TrendMedia */,
				9E82D2172884DDC8002A5011 /* Products */,
			);
			sourceTree = "<group>";
		};
		9E82D2172884DDC8002A5011 /* Products */ = {
			isa = PBXGroup;
			children = (
				9E82D2162884DDC8002A5011 /* TrendMedia.app */,
			);
			name = Products;
			sourceTree = "<group>";
		};
		9E82D2182884DDC8002A5011 /* TrendMedia */ = {
			isa = PBXGroup;
			children = (
				9E82D2312885131C002A5011 /* setting - case1.storyboard */,
				9E2AFD9728852CDC00578109 /* setting - case2.storyboard */,
				9EFFB92B2886400F00778319 /* Search.storyboard */,
				9EFFB92F2886407900778319 /* Intro - case2.storyboard */,
				9EFFB92D2886404700778319 /* Trend - case2.storyboard */,
				9EFFB93B28864D9800778319 /* BuketlistTableViewCell.swift */,
				9EFFB93928864B9500778319 /* BucketlistTableViewController.swift */,
				9EFFB931288643FA00778319 /* TrendViewController.swift */,
				9EFFB9332886441600778319 /* SearchViewController.swift */,
				9EFFB9352886453100778319 /* UIViewController+Extension.swift */,
				9E2AFD9928852CF700578109 /* Setting2TableViewController.swift */,
				9EFFB9372886478800778319 /* UITextField+Extension.swift */,
				9E82D22F2884FE3A002A5011 /* SettingTableViewController.swift */,
				9E82D2192884DDC8002A5011 /* AppDelegate.swift */,
				9E82D21B2884DDC8002A5011 /* SceneDelegate.swift */,
				9E82D21D2884DDC8002A5011 /* ViewController.swift */,
				9E82D21F2884DDC8002A5011 /* Main.storyboard */,
				9E82D22D2884F10A002A5011 /* Home.storyboard */,
				9E82D2222884DDCA002A5011 /* Assets.xcassets */,
				9E82D2242884DDCA002A5011 /* LaunchScreen.storyboard */,
				9E82D2272884DDCA002A5011 /* Info.plist */,
			);
			path = TrendMedia;
			sourceTree = "<group>";
		};
/* End PBXGroup section */

/* Begin PBXNativeTarget section */
		9E82D2152884DDC8002A5011 /* TrendMedia */ = {
			isa = PBXNativeTarget;
			buildConfigurationList = 9E82D22A2884DDCA002A5011 /* Build configuration list for PBXNativeTarget "TrendMedia" */;
			buildPhases = (
				9E82D2122884DDC8002A5011 /* Sources */,
				9E82D2132884DDC8002A5011 /* Frameworks */,
				9E82D2142884DDC8002A5011 /* Resources */,
			);
			buildRules = (
			);
			dependencies = (
			);
			name = TrendMedia;
			productName = TrendMedia;
			productReference = 9E82D2162884DDC8002A5011 /* TrendMedia.app */;
			productType = "com.apple.product-type.application";
		};
/* End PBXNativeTarget section */

/* Begin PBXProject section */
		9E82D20E2884DDC8002A5011 /* Project object */ = {
			isa = PBXProject;
			attributes = {
				BuildIndependentTargetsInParallel = 1;
				LastSwiftUpdateCheck = 1340;
				LastUpgradeCheck = 1340;
				TargetAttributes = {
					9E82D2152884DDC8002A5011 = {
						CreatedOnToolsVersion = 13.4.1;
					};
				};
			};
			buildConfigurationList = 9E82D2112884DDC8002A5011 /* Build configuration list for PBXProject "TrendMedia" */;
			compatibilityVersion = "Xcode 13.0";
			developmentRegion = en;
			hasScannedForEncodings = 0;
			knownRegions = (
				en,
				Base,
			);
			mainGroup = 9E82D20D2884DDC8002A5011;
			productRefGroup = 9E82D2172884DDC8002A5011 /* Products */;
			projectDirPath = "";
			projectRoot = "";
			targets = (
				9E82D2152884DDC8002A5011 /* TrendMedia */,
			);
		};
/* End PBXProject section */

/* Begin PBXResourcesBuildPhase section */
		9E82D2142884DDC8002A5011 /* Resources */ = {
			isa = PBXResourcesBuildPhase;
			buildActionMask = 2147483647;
			files = (
				9E82D2262884DDCA002A5011 /* LaunchScreen.storyboard in Resources */,
				9E82D2232884DDCA002A5011 /* Assets.xcassets in Resources */,
				9E82D2322885131C002A5011 /* setting - case1.storyboard in Resources */,
				9E82D2212884DDC8002A5011 /* Main.storyboard in Resources */,
				9EFFB92E2886404700778319 /* Trend - case2.storyboard in Resources */,
				9EFFB92C2886400F00778319 /* Search.storyboard in Resources */,
				9E2AFD9828852CDC00578109 /* setting - case2.storyboard in Resources */,
				9E82D22E2884F10A002A5011 /* Home.storyboard in Resources */,
				9EFFB9302886407900778319 /* Intro - case2.storyboard in Resources */,
			);
			runOnlyForDeploymentPostprocessing = 0;
		};
/* End PBXResourcesBuildPhase section */

/* Begin PBXSourcesBuildPhase section */
		9E82D2122884DDC8002A5011 /* Sources */ = {
			isa = PBXSourcesBuildPhase;
			buildActionMask = 2147483647;
			files = (
				9EFFB9382886478800778319 /* UITextField+Extension.swift in Sources */,
				9EFFB9362886453100778319 /* UIViewController+Extension.swift in Sources */,
				9E2AFD9A28852CF700578109 /* Setting2TableViewController.swift in Sources */,
				9EFFB9342886441600778319 /* SearchViewController.swift in Sources */,
				9EFFB93C28864D9800778319 /* BuketlistTableViewCell.swift in Sources */,
				9E82D2302884FE3A002A5011 /* SettingTableViewController.swift in Sources */,
				9E82D21E2884DDC8002A5011 /* ViewController.swift in Sources */,
				9E82D21A2884DDC8002A5011 /* AppDelegate.swift in Sources */,
				9EFFB93A28864B9500778319 /* BucketlistTableViewController.swift in Sources */,
				9EFFB932288643FA00778319 /* TrendViewController.swift in Sources */,
				9E82D21C2884DDC8002A5011 /* SceneDelegate.swift in Sources */,
			);
			runOnlyForDeploymentPostprocessing = 0;
		};
/* End PBXSourcesBuildPhase section */

/* Begin PBXVariantGroup section */
		9E82D21F2884DDC8002A5011 /* Main.storyboard */ = {
			isa = PBXVariantGroup;
			children = (
				9E82D2202884DDC8002A5011 /* Base */,
			);
			name = Main.storyboard;
			sourceTree = "<group>";
		};
		9E82D2242884DDCA002A5011 /* LaunchScreen.storyboard */ = {
			isa = PBXVariantGroup;
			children = (
				9E82D2252884DDCA002A5011 /* Base */,
			);
			name = LaunchScreen.storyboard;
			sourceTree = "<group>";
		};
/* End PBXVariantGroup section */

/* Begin XCBuildConfiguration section */
		9E82D2282884DDCA002A5011 /* Debug */ = {
			isa = XCBuildConfiguration;
			buildSettings = {
				ALWAYS_SEARCH_USER_PATHS = NO;
				CLANG_ANALYZER_NONNULL = YES;
				CLANG_ANALYZER_NUMBER_OBJECT_CONVERSION = YES_AGGRESSIVE;
				CLANG_CXX_LANGUAGE_STANDARD = "gnu++17";
				CLANG_ENABLE_MODULES = YES;
				CLANG_ENABLE_OBJC_ARC = YES;
				CLANG_ENABLE_OBJC_WEAK = YES;
				CLANG_WARN_BLOCK_CAPTURE_AUTORELEASING = YES;
				CLANG_WARN_BOOL_CONVERSION = YES;
				CLANG_WARN_COMMA = YES;
				CLANG_WARN_CONSTANT_CONVERSION = YES;
				CLANG_WARN_DEPRECATED_OBJC_IMPLEMENTATIONS = YES;
				CLANG_WARN_DIRECT_OBJC_ISA_USAGE = YES_ERROR;
				CLANG_WARN_DOCUMENTATION_COMMENTS = YES;
				CLANG_WARN_EMPTY_BODY = YES;
				CLANG_WARN_ENUM_CONVERSION = YES;
				CLANG_WARN_INFINITE_RECURSION = YES;
				CLANG_WARN_INT_CONVERSION = YES;
				CLANG_WARN_NON_LITERAL_NULL_CONVERSION = YES;
				CLANG_WARN_OBJC_IMPLICIT_RETAIN_SELF = YES;
				CLANG_WARN_OBJC_LITERAL_CONVERSION = YES;
				CLANG_WARN_OBJC_ROOT_CLASS = YES_ERROR;
				CLANG_WARN_QUOTED_INCLUDE_IN_FRAMEWORK_HEADER = YES;
				CLANG_WARN_RANGE_LOOP_ANALYSIS = YES;
				CLANG_WARN_STRICT_PROTOTYPES = YES;
				CLANG_WARN_SUSPICIOUS_MOVE = YES;
				CLANG_WARN_UNGUARDED_AVAILABILITY = YES_AGGRESSIVE;
				CLANG_WARN_UNREACHABLE_CODE = YES;
				CLANG_WARN__DUPLICATE_METHOD_MATCH = YES;
				COPY_PHASE_STRIP = NO;
				DEBUG_INFORMATION_FORMAT = dwarf;
				ENABLE_STRICT_OBJC_MSGSEND = YES;
				ENABLE_TESTABILITY = YES;
				GCC_C_LANGUAGE_STANDARD = gnu11;
				GCC_DYNAMIC_NO_PIC = NO;
				GCC_NO_COMMON_BLOCKS = YES;
				GCC_OPTIMIZATION_LEVEL = 0;
				GCC_PREPROCESSOR_DEFINITIONS = (
					"DEBUG=1",
					"$(inherited)",
				);
				GCC_WARN_64_TO_32_BIT_CONVERSION = YES;
				GCC_WARN_ABOUT_RETURN_TYPE = YES_ERROR;
				GCC_WARN_UNDECLARED_SELECTOR = YES;
				GCC_WARN_UNINITIALIZED_AUTOS = YES_AGGRESSIVE;
				GCC_WARN_UNUSED_FUNCTION = YES;
				GCC_WARN_UNUSED_VARIABLE = YES;
				IPHONEOS_DEPLOYMENT_TARGET = 15.5;
				MTL_ENABLE_DEBUG_INFO = INCLUDE_SOURCE;
				MTL_FAST_MATH = YES;
				ONLY_ACTIVE_ARCH = YES;
				SDKROOT = iphoneos;
				SWIFT_ACTIVE_COMPILATION_CONDITIONS = DEBUG;
				SWIFT_OPTIMIZATION_LEVEL = "-Onone";
			};
			name = Debug;
		};
		9E82D2292884DDCA002A5011 /* Release */ = {
			isa = XCBuildConfiguration;
			buildSettings = {
				ALWAYS_SEARCH_USER_PATHS = NO;
				CLANG_ANALYZER_NONNULL = YES;
				CLANG_ANALYZER_NUMBER_OBJECT_CONVERSION = YES_AGGRESSIVE;
				CLANG_CXX_LANGUAGE_STANDARD = "gnu++17";
				CLANG_ENABLE_MODULES = YES;
				CLANG_ENABLE_OBJC_ARC = YES;
				CLANG_ENABLE_OBJC_WEAK = YES;
				CLANG_WARN_BLOCK_CAPTURE_AUTORELEASING = YES;
				CLANG_WARN_BOOL_CONVERSION = YES;
				CLANG_WARN_COMMA = YES;
				CLANG_WARN_CONSTANT_CONVERSION = YES;
				CLANG_WARN_DEPRECATED_OBJC_IMPLEMENTATIONS = YES;
				CLANG_WARN_DIRECT_OBJC_ISA_USAGE = YES_ERROR;
				CLANG_WARN_DOCUMENTATION_COMMENTS = YES;
				CLANG_WARN_EMPTY_BODY = YES;
				CLANG_WARN_ENUM_CONVERSION = YES;
				CLANG_WARN_INFINITE_RECURSION = YES;
				CLANG_WARN_INT_CONVERSION = YES;
				CLANG_WARN_NON_LITERAL_NULL_CONVERSION = YES;
				CLANG_WARN_OBJC_IMPLICIT_RETAIN_SELF = YES;
				CLANG_WARN_OBJC_LITERAL_CONVERSION = YES;
				CLANG_WARN_OBJC_ROOT_CLASS = YES_ERROR;
				CLANG_WARN_QUOTED_INCLUDE_IN_FRAMEWORK_HEADER = YES;
				CLANG_WARN_RANGE_LOOP_ANALYSIS = YES;
				CLANG_WARN_STRICT_PROTOTYPES = YES;
				CLANG_WARN_SUSPICIOUS_MOVE = YES;
				CLANG_WARN_UNGUARDED_AVAILABILITY = YES_AGGRESSIVE;
				CLANG_WARN_UNREACHABLE_CODE = YES;
				CLANG_WARN__DUPLICATE_METHOD_MATCH = YES;
				COPY_PHASE_STRIP = NO;
				DEBUG_INFORMATION_FORMAT = "dwarf-with-dsym";
				ENABLE_NS_ASSERTIONS = NO;
				ENABLE_STRICT_OBJC_MSGSEND = YES;
				GCC_C_LANGUAGE_STANDARD = gnu11;
				GCC_NO_COMMON_BLOCKS = YES;
				GCC_WARN_64_TO_32_BIT_CONVERSION = YES;
				GCC_WARN_ABOUT_RETURN_TYPE = YES_ERROR;
				GCC_WARN_UNDECLARED_SELECTOR = YES;
				GCC_WARN_UNINITIALIZED_AUTOS = YES_AGGRESSIVE;
				GCC_WARN_UNUSED_FUNCTION = YES;
				GCC_WARN_UNUSED_VARIABLE = YES;
				IPHONEOS_DEPLOYMENT_TARGET = 15.5;
				MTL_ENABLE_DEBUG_INFO = NO;
				MTL_FAST_MATH = YES;
				SDKROOT = iphoneos;
				SWIFT_COMPILATION_MODE = wholemodule;
				SWIFT_OPTIMIZATION_LEVEL = "-O";
				VALIDATE_PRODUCT = YES;
			};
			name = Release;
		};
		9E82D22B2884DDCA002A5011 /* Debug */ = {
			isa = XCBuildConfiguration;
			buildSettings = {
				ASSETCATALOG_COMPILER_APPICON_NAME = AppIcon;
				ASSETCATALOG_COMPILER_GLOBAL_ACCENT_COLOR_NAME = AccentColor;
				CODE_SIGN_STYLE = Automatic;
				CURRENT_PROJECT_VERSION = 1;
				DEVELOPMENT_TEAM = K27UK338MM;
				GENERATE_INFOPLIST_FILE = YES;
				INFOPLIST_FILE = TrendMedia/Info.plist;
				INFOPLIST_KEY_UIApplicationSupportsIndirectInputEvents = YES;
				INFOPLIST_KEY_UILaunchStoryboardName = LaunchScreen;
				INFOPLIST_KEY_UIMainStoryboardFile = Main;
				INFOPLIST_KEY_UISupportedInterfaceOrientations_iPad = "UIInterfaceOrientationPortrait UIInterfaceOrientationPortraitUpsideDown UIInterfaceOrientationLandscapeLeft UIInterfaceOrientationLandscapeRight";
				INFOPLIST_KEY_UISupportedInterfaceOrientations_iPhone = "UIInterfaceOrientationPortrait UIInterfaceOrientationLandscapeLeft UIInterfaceOrientationLandscapeRight";
				IPHONEOS_DEPLOYMENT_TARGET = 13.0;
				LD_RUNPATH_SEARCH_PATHS = (
					"$(inherited)",
					"@executable_path/Frameworks",
				);
				MARKETING_VERSION = 1.0;
				PRODUCT_BUNDLE_IDENTIFIER = com.Anniekang.TrendMedia;
				PRODUCT_NAME = "$(TARGET_NAME)";
				SWIFT_EMIT_LOC_STRINGS = YES;
				SWIFT_VERSION = 5.0;
				TARGETED_DEVICE_FAMILY = 1;
			};
			name = Debug;
		};
		9E82D22C2884DDCA002A5011 /* Release */ = {
			isa = XCBuildConfiguration;
			buildSettings = {
				ASSETCATALOG_COMPILER_APPICON_NAME = AppIcon;
				ASSETCATALOG_COMPILER_GLOBAL_ACCENT_COLOR_NAME = AccentColor;
				CODE_SIGN_STYLE = Automatic;
				CURRENT_PROJECT_VERSION = 1;
				DEVELOPMENT_TEAM = K27UK338MM;
				GENERATE_INFOPLIST_FILE = YES;
				INFOPLIST_FILE = TrendMedia/Info.plist;
				INFOPLIST_KEY_UIApplicationSupportsIndirectInputEvents = YES;
				INFOPLIST_KEY_UILaunchStoryboardName = LaunchScreen;
				INFOPLIST_KEY_UIMainStoryboardFile = Main;
				INFOPLIST_KEY_UISupportedInterfaceOrientations_iPad = "UIInterfaceOrientationPortrait UIInterfaceOrientationPortraitUpsideDown UIInterfaceOrientationLandscapeLeft UIInterfaceOrientationLandscapeRight";
				INFOPLIST_KEY_UISupportedInterfaceOrientations_iPhone = "UIInterfaceOrientationPortrait UIInterfaceOrientationLandscapeLeft UIInterfaceOrientationLandscapeRight";
				IPHONEOS_DEPLOYMENT_TARGET = 13.0;
				LD_RUNPATH_SEARCH_PATHS = (
					"$(inherited)",
					"@executable_path/Frameworks",
				);
				MARKETING_VERSION = 1.0;
				PRODUCT_BUNDLE_IDENTIFIER = com.Anniekang.TrendMedia;
				PRODUCT_NAME = "$(TARGET_NAME)";
				SWIFT_EMIT_LOC_STRINGS = YES;
				SWIFT_VERSION = 5.0;
				TARGETED_DEVICE_FAMILY = 1;
			};
			name = Release;
		};
/* End XCBuildConfiguration section */

/* Begin XCConfigurationList section */
		9E82D2112884DDC8002A5011 /* Build configuration list for PBXProject "TrendMedia" */ = {
			isa = XCConfigurationList;
			buildConfigurations = (
				9E82D2282884DDCA002A5011 /* Debug */,
				9E82D2292884DDCA002A5011 /* Release */,
			);
			defaultConfigurationIsVisible = 0;
			defaultConfigurationName = Release;
		};
		9E82D22A2884DDCA002A5011 /* Build configuration list for PBXNativeTarget "TrendMedia" */ = {
			isa = XCConfigurationList;
			buildConfigurations = (
				9E82D22B2884DDCA002A5011 /* Debug */,
				9E82D22C2884DDCA002A5011 /* Release */,
			);
			defaultConfigurationIsVisible = 0;
			defaultConfigurationName = Release;
		};
/* End XCConfigurationList section */
	};
	rootObject = 9E82D20E2884DDC8002A5011 /* Project object */;
}
